// !$*UTF8*$!
{
	archiveVersion = 1;
	classes = {
	};
	objectVersion = 56;
	objects = {

/* Begin PBXBuildFile section */
		1A4397F00DB7879B04D9B881 /* Pods_Quest_Twitch.framework in Frameworks */ = {isa = PBXBuildFile; fileRef = EFD355036C6083B1A93DE98B /* Pods_Quest_Twitch.framework */; };
		97783C1B2B3D4E15000C347B /* StartPageViewController.swift in Sources */ = {isa = PBXBuildFile; fileRef = 97783C1A2B3D4E15000C347B /* StartPageViewController.swift */; };
		97783C1F2B3D50D9000C347B /* BaseViewController.swift in Sources */ = {isa = PBXBuildFile; fileRef = 97783C1E2B3D50D9000C347B /* BaseViewController.swift */; };
		97783C222B3D51D6000C347B /* Macros.swift in Sources */ = {isa = PBXBuildFile; fileRef = 97783C212B3D51D6000C347B /* Macros.swift */; };
		CF224C022B3CAD23000B7E5F /* Quest_TwitchApp.swift in Sources */ = {isa = PBXBuildFile; fileRef = CF224C012B3CAD23000B7E5F /* Quest_TwitchApp.swift */; };
		CF224C042B3CAD23000B7E5F /* ContentView.swift in Sources */ = {isa = PBXBuildFile; fileRef = CF224C032B3CAD23000B7E5F /* ContentView.swift */; };
		CF224C062B3CAD24000B7E5F /* Assets.xcassets in Resources */ = {isa = PBXBuildFile; fileRef = CF224C052B3CAD24000B7E5F /* Assets.xcassets */; };
		CF224C092B3CAD24000B7E5F /* Preview Assets.xcassets in Resources */ = {isa = PBXBuildFile; fileRef = CF224C082B3CAD24000B7E5F /* Preview Assets.xcassets */; };
		CF224C102B3CAFA4000B7E5F /* TwitchView.swift in Sources */ = {isa = PBXBuildFile; fileRef = CF224C0F2B3CAFA4000B7E5F /* TwitchView.swift */; };
/* End PBXBuildFile section */

/* Begin PBXFileReference section */
		5F69A3518D5311F62A6E3FD3 /* Pods-Quest-Twitch.debug.xcconfig */ = {isa = PBXFileReference; includeInIndex = 1; lastKnownFileType = text.xcconfig; name = "Pods-Quest-Twitch.debug.xcconfig"; path = "Target Support Files/Pods-Quest-Twitch/Pods-Quest-Twitch.debug.xcconfig"; sourceTree = "<group>"; };
		7EF3064790F47A8C2378BD54 /* Pods-Quest-Twitch.release.xcconfig */ = {isa = PBXFileReference; includeInIndex = 1; lastKnownFileType = text.xcconfig; name = "Pods-Quest-Twitch.release.xcconfig"; path = "Target Support Files/Pods-Quest-Twitch/Pods-Quest-Twitch.release.xcconfig"; sourceTree = "<group>"; };
		97783C1A2B3D4E15000C347B /* StartPageViewController.swift */ = {isa = PBXFileReference; lastKnownFileType = sourcecode.swift; path = StartPageViewController.swift; sourceTree = "<group>"; };
		97783C1E2B3D50D9000C347B /* BaseViewController.swift */ = {isa = PBXFileReference; lastKnownFileType = sourcecode.swift; path = BaseViewController.swift; sourceTree = "<group>"; };
		97783C212B3D51D6000C347B /* Macros.swift */ = {isa = PBXFileReference; lastKnownFileType = sourcecode.swift; path = Macros.swift; sourceTree = "<group>"; };
		CF224BFE2B3CAD23000B7E5F /* Quest-Twitch.app */ = {isa = PBXFileReference; explicitFileType = wrapper.application; includeInIndex = 0; path = "Quest-Twitch.app"; sourceTree = BUILT_PRODUCTS_DIR; };
		CF224C012B3CAD23000B7E5F /* Quest_TwitchApp.swift */ = {isa = PBXFileReference; lastKnownFileType = sourcecode.swift; path = Quest_TwitchApp.swift; sourceTree = "<group>"; };
		CF224C032B3CAD23000B7E5F /* ContentView.swift */ = {isa = PBXFileReference; lastKnownFileType = sourcecode.swift; path = ContentView.swift; sourceTree = "<group>"; };
		CF224C052B3CAD24000B7E5F /* Assets.xcassets */ = {isa = PBXFileReference; lastKnownFileType = folder.assetcatalog; path = Assets.xcassets; sourceTree = "<group>"; };
		CF224C082B3CAD24000B7E5F /* Preview Assets.xcassets */ = {isa = PBXFileReference; lastKnownFileType = folder.assetcatalog; path = "Preview Assets.xcassets"; sourceTree = "<group>"; };
		CF224C0F2B3CAFA4000B7E5F /* TwitchView.swift */ = {isa = PBXFileReference; lastKnownFileType = sourcecode.swift; path = TwitchView.swift; sourceTree = "<group>"; };
		EFD355036C6083B1A93DE98B /* Pods_Quest_Twitch.framework */ = {isa = PBXFileReference; explicitFileType = wrapper.framework; includeInIndex = 0; path = Pods_Quest_Twitch.framework; sourceTree = BUILT_PRODUCTS_DIR; };
/* End PBXFileReference section */

/* Begin PBXFrameworksBuildPhase section */
		CF224BFB2B3CAD23000B7E5F /* Frameworks */ = {
			isa = PBXFrameworksBuildPhase;
			buildActionMask = 2147483647;
			files = (
				1A4397F00DB7879B04D9B881 /* Pods_Quest_Twitch.framework in Frameworks */,
			);
			runOnlyForDeploymentPostprocessing = 0;
		};
/* End PBXFrameworksBuildPhase section */

/* Begin PBXGroup section */
		05D515E7D0D9E7E1619CEAFF /* Pods */ = {
			isa = PBXGroup;
			children = (
				5F69A3518D5311F62A6E3FD3 /* Pods-Quest-Twitch.debug.xcconfig */,
				7EF3064790F47A8C2378BD54 /* Pods-Quest-Twitch.release.xcconfig */,
			);
			path = Pods;
			sourceTree = "<group>";
		};
		107859FDAC61F5198350C97B /* Frameworks */ = {
			isa = PBXGroup;
			children = (
				EFD355036C6083B1A93DE98B /* Pods_Quest_Twitch.framework */,
			);
			name = Frameworks;
			sourceTree = "<group>";
		};
		97783C122B3D4BC1000C347B /* Startup */ = {
			isa = PBXGroup;
			children = (
				97783C192B3D4D95000C347B /* Views */,
			);
			path = Startup;
			sourceTree = "<group>";
		};
		97783C132B3D4BDF000C347B /* Streamer */ = {
			isa = PBXGroup;
			children = (
				97783C182B3D4D8D000C347B /* Views */,
			);
			path = Streamer;
			sourceTree = "<group>";
		};
		97783C142B3D4BFE000C347B /* Viewer */ = {
			isa = PBXGroup;
			children = (
				97783C172B3D4D81000C347B /* Views */,
			);
			path = Viewer;
			sourceTree = "<group>";
		};
		97783C152B3D4CA4000C347B /* Common */ = {
			isa = PBXGroup;
			children = (
				97783C212B3D51D6000C347B /* Macros.swift */,
				CF224C012B3CAD23000B7E5F /* Quest_TwitchApp.swift */,
			);
			path = Common;
			sourceTree = "<group>";
		};
		97783C162B3D4D0D000C347B /* Resources */ = {
			isa = PBXGroup;
			children = (
			);
			path = Resources;
			sourceTree = "<group>";
		};
		97783C172B3D4D81000C347B /* Views */ = {
			isa = PBXGroup;
			children = (
				CF224C032B3CAD23000B7E5F /* ContentView.swift */,
				CF224C0F2B3CAFA4000B7E5F /* TwitchView.swift */,
			);
			path = Views;
			sourceTree = "<group>";
		};
		97783C182B3D4D8D000C347B /* Views */ = {
			isa = PBXGroup;
			children = (
			);
			path = Views;
			sourceTree = "<group>";
		};
		97783C192B3D4D95000C347B /* Views */ = {
			isa = PBXGroup;
			children = (
				97783C1A2B3D4E15000C347B /* StartPageViewController.swift */,
			);
			path = Views;
			sourceTree = "<group>";
		};
		97783C1D2B3D50C9000C347B /* Types */ = {
			isa = PBXGroup;
			children = (
				97783C1E2B3D50D9000C347B /* BaseViewController.swift */,
			);
			path = Types;
			sourceTree = "<group>";
		};
		CF224BF52B3CAD23000B7E5F = {
			isa = PBXGroup;
			children = (
				CF224C002B3CAD23000B7E5F /* Quest-Twitch */,
				CF224BFF2B3CAD23000B7E5F /* Products */,
				05D515E7D0D9E7E1619CEAFF /* Pods */,
				107859FDAC61F5198350C97B /* Frameworks */,
			);
			sourceTree = "<group>";
		};
		CF224BFF2B3CAD23000B7E5F /* Products */ = {
			isa = PBXGroup;
			children = (
				CF224BFE2B3CAD23000B7E5F /* Quest-Twitch.app */,
			);
			name = Products;
			sourceTree = "<group>";
		};
		CF224C002B3CAD23000B7E5F /* Quest-Twitch */ = {
			isa = PBXGroup;
			children = (
				97783C1D2B3D50C9000C347B /* Types */,
				97783C122B3D4BC1000C347B /* Startup */,
				97783C132B3D4BDF000C347B /* Streamer */,
				97783C142B3D4BFE000C347B /* Viewer */,
				97783C162B3D4D0D000C347B /* Resources */,
				97783C152B3D4CA4000C347B /* Common */,
				CF224C052B3CAD24000B7E5F /* Assets.xcassets */,
				CF224C072B3CAD24000B7E5F /* Preview Content */,
			);
			path = "Quest-Twitch";
			sourceTree = "<group>";
		};
		CF224C072B3CAD24000B7E5F /* Preview Content */ = {
			isa = PBXGroup;
			children = (
				CF224C082B3CAD24000B7E5F /* Preview Assets.xcassets */,
			);
			path = "Preview Content";
			sourceTree = "<group>";
		};
/* End PBXGroup section */

/* Begin PBXNativeTarget section */
		CF224BFD2B3CAD23000B7E5F /* Quest-Twitch */ = {
			isa = PBXNativeTarget;
			buildConfigurationList = CF224C0C2B3CAD24000B7E5F /* Build configuration list for PBXNativeTarget "Quest-Twitch" */;
			buildPhases = (
				548DADA25DEE91BA2A980769 /* [CP] Check Pods Manifest.lock */,
				CF224BFA2B3CAD23000B7E5F /* Sources */,
				CF224BFB2B3CAD23000B7E5F /* Frameworks */,
				CF224BFC2B3CAD23000B7E5F /* Resources */,
				2E8DD84EFADBD7995BA9C5C7 /* [CP] Embed Pods Frameworks */,
			);
			buildRules = (
			);
			dependencies = (
			);
			name = "Quest-Twitch";
			productName = "Quest-Twitch";
			productReference = CF224BFE2B3CAD23000B7E5F /* Quest-Twitch.app */;
			productType = "com.apple.product-type.application";
		};
/* End PBXNativeTarget section */

/* Begin PBXProject section */
		CF224BF62B3CAD23000B7E5F /* Project object */ = {
			isa = PBXProject;
			attributes = {
				BuildIndependentTargetsInParallel = 1;
				LastSwiftUpdateCheck = 1510;
				LastUpgradeCheck = 1510;
				TargetAttributes = {
					CF224BFD2B3CAD23000B7E5F = {
						CreatedOnToolsVersion = 15.1;
					};
				};
			};
			buildConfigurationList = CF224BF92B3CAD23000B7E5F /* Build configuration list for PBXProject "Quest-Twitch" */;
			compatibilityVersion = "Xcode 14.0";
			developmentRegion = en;
			hasScannedForEncodings = 0;
			knownRegions = (
				en,
				Base,
			);
			mainGroup = CF224BF52B3CAD23000B7E5F;
			productRefGroup = CF224BFF2B3CAD23000B7E5F /* Products */;
			projectDirPath = "";
			projectRoot = "";
			targets = (
				CF224BFD2B3CAD23000B7E5F /* Quest-Twitch */,
			);
		};
/* End PBXProject section */

/* Begin PBXResourcesBuildPhase section */
		CF224BFC2B3CAD23000B7E5F /* Resources */ = {
			isa = PBXResourcesBuildPhase;
			buildActionMask = 2147483647;
			files = (
				CF224C092B3CAD24000B7E5F /* Preview Assets.xcassets in Resources */,
				CF224C062B3CAD24000B7E5F /* Assets.xcassets in Resources */,
			);
			runOnlyForDeploymentPostprocessing = 0;
		};
/* End PBXResourcesBuildPhase section */

/* Begin PBXShellScriptBuildPhase section */
		2E8DD84EFADBD7995BA9C5C7 /* [CP] Embed Pods Frameworks */ = {
			isa = PBXShellScriptBuildPhase;
			buildActionMask = 2147483647;
			files = (
			);
			inputFileListPaths = (
				"${PODS_ROOT}/Target Support Files/Pods-Quest-Twitch/Pods-Quest-Twitch-frameworks-${CONFIGURATION}-input-files.xcfilelist",
			);
			name = "[CP] Embed Pods Frameworks";
			outputFileListPaths = (
				"${PODS_ROOT}/Target Support Files/Pods-Quest-Twitch/Pods-Quest-Twitch-frameworks-${CONFIGURATION}-output-files.xcfilelist",
			);
			runOnlyForDeploymentPostprocessing = 0;
			shellPath = /bin/sh;
			shellScript = "\"${PODS_ROOT}/Target Support Files/Pods-Quest-Twitch/Pods-Quest-Twitch-frameworks.sh\"\n";
			showEnvVarsInLog = 0;
		};
		548DADA25DEE91BA2A980769 /* [CP] Check Pods Manifest.lock */ = {
			isa = PBXShellScriptBuildPhase;
			buildActionMask = 2147483647;
			files = (
			);
			inputFileListPaths = (
			);
			inputPaths = (
				"${PODS_PODFILE_DIR_PATH}/Podfile.lock",
				"${PODS_ROOT}/Manifest.lock",
			);
			name = "[CP] Check Pods Manifest.lock";
			outputFileListPaths = (
			);
			outputPaths = (
				"$(DERIVED_FILE_DIR)/Pods-Quest-Twitch-checkManifestLockResult.txt",
			);
			runOnlyForDeploymentPostprocessing = 0;
			shellPath = /bin/sh;
			shellScript = "diff \"${PODS_PODFILE_DIR_PATH}/Podfile.lock\" \"${PODS_ROOT}/Manifest.lock\" > /dev/null\nif [ $? != 0 ] ; then\n    # print error to STDERR\n    echo \"error: The sandbox is not in sync with the Podfile.lock. Run 'pod install' or update your CocoaPods installation.\" >&2\n    exit 1\nfi\n# This output is used by Xcode 'outputs' to avoid re-running this script phase.\necho \"SUCCESS\" > \"${SCRIPT_OUTPUT_FILE_0}\"\n";
			showEnvVarsInLog = 0;
		};
/* End PBXShellScriptBuildPhase section */

/* Begin PBXSourcesBuildPhase section */
		CF224BFA2B3CAD23000B7E5F /* Sources */ = {
			isa = PBXSourcesBuildPhase;
			buildActionMask = 2147483647;
			files = (
				97783C1F2B3D50D9000C347B /* BaseViewController.swift in Sources */,
				CF224C042B3CAD23000B7E5F /* ContentView.swift in Sources */,
				97783C222B3D51D6000C347B /* Macros.swift in Sources */,
				CF224C102B3CAFA4000B7E5F /* TwitchView.swift in Sources */,
				97783C1B2B3D4E15000C347B /* StartPageViewController.swift in Sources */,
				CF224C022B3CAD23000B7E5F /* Quest_TwitchApp.swift in Sources */,
			);
			runOnlyForDeploymentPostprocessing = 0;
		};
/* End PBXSourcesBuildPhase section */

/* Begin XCBuildConfiguration section */
		CF224C0A2B3CAD24000B7E5F /* Debug */ = {
			isa = XCBuildConfiguration;
			buildSettings = {
				ALWAYS_SEARCH_USER_PATHS = NO;
				ASSETCATALOG_COMPILER_GENERATE_SWIFT_ASSET_SYMBOL_EXTENSIONS = YES;
				CLANG_ANALYZER_NONNULL = YES;
				CLANG_ANALYZER_NUMBER_OBJECT_CONVERSION = YES_AGGRESSIVE;
				CLANG_CXX_LANGUAGE_STANDARD = "gnu++20";
				CLANG_ENABLE_MODULES = YES;
				CLANG_ENABLE_OBJC_ARC = YES;
				CLANG_ENABLE_OBJC_WEAK = YES;
				CLANG_WARN_BLOCK_CAPTURE_AUTORELEASING = YES;
				CLANG_WARN_BOOL_CONVERSION = YES;
				CLANG_WARN_COMMA = YES;
				CLANG_WARN_CONSTANT_CONVERSION = YES;
				CLANG_WARN_DEPRECATED_OBJC_IMPLEMENTATIONS = YES;
				CLANG_WARN_DIRECT_OBJC_ISA_USAGE = YES_ERROR;
				CLANG_WARN_DOCUMENTATION_COMMENTS = YES;
				CLANG_WARN_EMPTY_BODY = YES;
				CLANG_WARN_ENUM_CONVERSION = YES;
				CLANG_WARN_INFINITE_RECURSION = YES;
				CLANG_WARN_INT_CONVERSION = YES;
				CLANG_WARN_NON_LITERAL_NULL_CONVERSION = YES;
				CLANG_WARN_OBJC_IMPLICIT_RETAIN_SELF = YES;
				CLANG_WARN_OBJC_LITERAL_CONVERSION = YES;
				CLANG_WARN_OBJC_ROOT_CLASS = YES_ERROR;
				CLANG_WARN_QUOTED_INCLUDE_IN_FRAMEWORK_HEADER = YES;
				CLANG_WARN_RANGE_LOOP_ANALYSIS = YES;
				CLANG_WARN_STRICT_PROTOTYPES = YES;
				CLANG_WARN_SUSPICIOUS_MOVE = YES;
				CLANG_WARN_UNGUARDED_AVAILABILITY = YES_AGGRESSIVE;
				CLANG_WARN_UNREACHABLE_CODE = YES;
				CLANG_WARN__DUPLICATE_METHOD_MATCH = YES;
				COPY_PHASE_STRIP = NO;
				DEBUG_INFORMATION_FORMAT = dwarf;
				ENABLE_STRICT_OBJC_MSGSEND = YES;
				ENABLE_TESTABILITY = YES;
				ENABLE_USER_SCRIPT_SANDBOXING = YES;
				GCC_C_LANGUAGE_STANDARD = gnu17;
				GCC_DYNAMIC_NO_PIC = NO;
				GCC_NO_COMMON_BLOCKS = YES;
				GCC_OPTIMIZATION_LEVEL = 0;
				GCC_PREPROCESSOR_DEFINITIONS = (
					"DEBUG=1",
					"$(inherited)",
				);
				GCC_WARN_64_TO_32_BIT_CONVERSION = YES;
				GCC_WARN_ABOUT_RETURN_TYPE = YES_ERROR;
				GCC_WARN_UNDECLARED_SELECTOR = YES;
				GCC_WARN_UNINITIALIZED_AUTOS = YES_AGGRESSIVE;
				GCC_WARN_UNUSED_FUNCTION = YES;
				GCC_WARN_UNUSED_VARIABLE = YES;
				IPHONEOS_DEPLOYMENT_TARGET = 13.0;
				LOCALIZATION_PREFERS_STRING_CATALOGS = YES;
				MTL_ENABLE_DEBUG_INFO = INCLUDE_SOURCE;
				MTL_FAST_MATH = YES;
				ONLY_ACTIVE_ARCH = YES;
				SDKROOT = iphoneos;
				SWIFT_ACTIVE_COMPILATION_CONDITIONS = "DEBUG $(inherited)";
				SWIFT_OPTIMIZATION_LEVEL = "-Onone";
			};
			name = Debug;
		};
		CF224C0B2B3CAD24000B7E5F /* Release */ = {
			isa = XCBuildConfiguration;
			buildSettings = {
				ALWAYS_SEARCH_USER_PATHS = NO;
				ASSETCATALOG_COMPILER_GENERATE_SWIFT_ASSET_SYMBOL_EXTENSIONS = YES;
				CLANG_ANALYZER_NONNULL = YES;
				CLANG_ANALYZER_NUMBER_OBJECT_CONVERSION = YES_AGGRESSIVE;
				CLANG_CXX_LANGUAGE_STANDARD = "gnu++20";
				CLANG_ENABLE_MODULES = YES;
				CLANG_ENABLE_OBJC_ARC = YES;
				CLANG_ENABLE_OBJC_WEAK = YES;
				CLANG_WARN_BLOCK_CAPTURE_AUTORELEASING = YES;
				CLANG_WARN_BOOL_CONVERSION = YES;
				CLANG_WARN_COMMA = YES;
				CLANG_WARN_CONSTANT_CONVERSION = YES;
				CLANG_WARN_DEPRECATED_OBJC_IMPLEMENTATIONS = YES;
				CLANG_WARN_DIRECT_OBJC_ISA_USAGE = YES_ERROR;
				CLANG_WARN_DOCUMENTATION_COMMENTS = YES;
				CLANG_WARN_EMPTY_BODY = YES;
				CLANG_WARN_ENUM_CONVERSION = YES;
				CLANG_WARN_INFINITE_RECURSION = YES;
				CLANG_WARN_INT_CONVERSION = YES;
				CLANG_WARN_NON_LITERAL_NULL_CONVERSION = YES;
				CLANG_WARN_OBJC_IMPLICIT_RETAIN_SELF = YES;
				CLANG_WARN_OBJC_LITERAL_CONVERSION = YES;
				CLANG_WARN_OBJC_ROOT_CLASS = YES_ERROR;
				CLANG_WARN_QUOTED_INCLUDE_IN_FRAMEWORK_HEADER = YES;
				CLANG_WARN_RANGE_LOOP_ANALYSIS = YES;
				CLANG_WARN_STRICT_PROTOTYPES = YES;
				CLANG_WARN_SUSPICIOUS_MOVE = YES;
				CLANG_WARN_UNGUARDED_AVAILABILITY = YES_AGGRESSIVE;
				CLANG_WARN_UNREACHABLE_CODE = YES;
				CLANG_WARN__DUPLICATE_METHOD_MATCH = YES;
				COPY_PHASE_STRIP = NO;
				DEBUG_INFORMATION_FORMAT = "dwarf-with-dsym";
				ENABLE_NS_ASSERTIONS = NO;
				ENABLE_STRICT_OBJC_MSGSEND = YES;
				ENABLE_USER_SCRIPT_SANDBOXING = YES;
				GCC_C_LANGUAGE_STANDARD = gnu17;
				GCC_NO_COMMON_BLOCKS = YES;
				GCC_WARN_64_TO_32_BIT_CONVERSION = YES;
				GCC_WARN_ABOUT_RETURN_TYPE = YES_ERROR;
				GCC_WARN_UNDECLARED_SELECTOR = YES;
				GCC_WARN_UNINITIALIZED_AUTOS = YES_AGGRESSIVE;
				GCC_WARN_UNUSED_FUNCTION = YES;
				GCC_WARN_UNUSED_VARIABLE = YES;
				IPHONEOS_DEPLOYMENT_TARGET = 13.0;
				LOCALIZATION_PREFERS_STRING_CATALOGS = YES;
				MTL_ENABLE_DEBUG_INFO = NO;
				MTL_FAST_MATH = YES;
				SDKROOT = iphoneos;
				SWIFT_COMPILATION_MODE = wholemodule;
				VALIDATE_PRODUCT = YES;
			};
			name = Release;
		};
		CF224C0D2B3CAD24000B7E5F /* Debug */ = {
			isa = XCBuildConfiguration;
			baseConfigurationReference = 5F69A3518D5311F62A6E3FD3 /* Pods-Quest-Twitch.debug.xcconfig */;
			buildSettings = {
				ASSETCATALOG_COMPILER_APPICON_NAME = AppIcon;
				ASSETCATALOG_COMPILER_GLOBAL_ACCENT_COLOR_NAME = AccentColor;
				CODE_SIGN_STYLE = Automatic;
				CURRENT_PROJECT_VERSION = 1;
				DEVELOPMENT_ASSET_PATHS = "\"Quest-Twitch/Preview Content\"";
				DEVELOPMENT_TEAM = KC37C9ZJH4;
				ENABLE_PREVIEWS = YES;
				GENERATE_INFOPLIST_FILE = YES;
				INFOPLIST_KEY_UIApplicationSceneManifest_Generation = YES;
				INFOPLIST_KEY_UIApplicationSupportsIndirectInputEvents = YES;
				INFOPLIST_KEY_UILaunchScreen_Generation = YES;
				INFOPLIST_KEY_UISupportedInterfaceOrientations_iPad = "UIInterfaceOrientationPortrait UIInterfaceOrientationPortraitUpsideDown UIInterfaceOrientationLandscapeLeft UIInterfaceOrientationLandscapeRight";
				INFOPLIST_KEY_UISupportedInterfaceOrientations_iPhone = "UIInterfaceOrientationPortrait UIInterfaceOrientationLandscapeLeft UIInterfaceOrientationLandscapeRight";
				LD_RUNPATH_SEARCH_PATHS = (
					"$(inherited)",
					"@executable_path/Frameworks",
				);
				MARKETING_VERSION = 1.0;
				PRODUCT_BUNDLE_IDENTIFIER = "com.nerve.Quest-Twitch";
				PRODUCT_NAME = "$(TARGET_NAME)";
				SWIFT_EMIT_LOC_STRINGS = YES;
				SWIFT_VERSION = 5.0;
				TARGETED_DEVICE_FAMILY = "1,2";
			};
			name = Debug;
		};
		CF224C0E2B3CAD24000B7E5F /* Release */ = {
			isa = XCBuildConfiguration;
			baseConfigurationReference = 7EF3064790F47A8C2378BD54 /* Pods-Quest-Twitch.release.xcconfig */;
			buildSettings = {
				ASSETCATALOG_COMPILER_APPICON_NAME = AppIcon;
				ASSETCATALOG_COMPILER_GLOBAL_ACCENT_COLOR_NAME = AccentColor;
				CODE_SIGN_STYLE = Automatic;
				CURRENT_PROJECT_VERSION = 1;
				DEVELOPMENT_ASSET_PATHS = "\"Quest-Twitch/Preview Content\"";
				DEVELOPMENT_TEAM = KC37C9ZJH4;
				ENABLE_PREVIEWS = YES;
				GENERATE_INFOPLIST_FILE = YES;
				INFOPLIST_KEY_UIApplicationSceneManifest_Generation = YES;
				INFOPLIST_KEY_UIApplicationSupportsIndirectInputEvents = YES;
				INFOPLIST_KEY_UILaunchScreen_Generation = YES;
				INFOPLIST_KEY_UISupportedInterfaceOrientations_iPad = "UIInterfaceOrientationPortrait UIInterfaceOrientationPortraitUpsideDown UIInterfaceOrientationLandscapeLeft UIInterfaceOrientationLandscapeRight";
				INFOPLIST_KEY_UISupportedInterfaceOrientations_iPhone = "UIInterfaceOrientationPortrait UIInterfaceOrientationLandscapeLeft UIInterfaceOrientationLandscapeRight";
				LD_RUNPATH_SEARCH_PATHS = (
					"$(inherited)",
					"@executable_path/Frameworks",
				);
				MARKETING_VERSION = 1.0;
				PRODUCT_BUNDLE_IDENTIFIER = "com.nerve.Quest-Twitch";
				PRODUCT_NAME = "$(TARGET_NAME)";
				SWIFT_EMIT_LOC_STRINGS = YES;
				SWIFT_VERSION = 5.0;
				TARGETED_DEVICE_FAMILY = "1,2";
			};
			name = Release;
		};
/* End XCBuildConfiguration section */

/* Begin XCConfigurationList section */
		CF224BF92B3CAD23000B7E5F /* Build configuration list for PBXProject "Quest-Twitch" */ = {
			isa = XCConfigurationList;
			buildConfigurations = (
				CF224C0A2B3CAD24000B7E5F /* Debug */,
				CF224C0B2B3CAD24000B7E5F /* Release */,
			);
			defaultConfigurationIsVisible = 0;
			defaultConfigurationName = Release;
		};
		CF224C0C2B3CAD24000B7E5F /* Build configuration list for PBXNativeTarget "Quest-Twitch" */ = {
			isa = XCConfigurationList;
			buildConfigurations = (
				CF224C0D2B3CAD24000B7E5F /* Debug */,
				CF224C0E2B3CAD24000B7E5F /* Release */,
			);
			defaultConfigurationIsVisible = 0;
			defaultConfigurationName = Release;
		};
/* End XCConfigurationList section */
	};
	rootObject = CF224BF62B3CAD23000B7E5F /* Project object */;
}
